{
  "name": "TabAhoy",
  "version": "0.1.0",
  "lockfileVersion": 1,
  "requires": true,
  "dependencies": {
    "cycle-extensions": {
      "version": "0.1.1",
      "resolved": "https://registry.npmjs.org/cycle-extensions/-/cycle-extensions-0.1.1.tgz",
      "integrity": "sha512-pgnEp4TnwyVQcx0pW+o+IIwIdKjm3+zDa+Rsx8IrwvzdXjpSr0XRD8WxzG0J5s82Pv+VFGKx6wmFN0SF8r3oBA==",
      "requires": {
        "tslib": "1.7.1"
      }
    },
    "tslib": {
      "version": "1.7.1",
      "resolved": "https://registry.npmjs.org/tslib/-/tslib-1.7.1.tgz",
      "integrity": "sha1-vIAEFkaRkjp5/oN4u+s9ogF1OOw="
    }
  }
}
